
Microsoft Visual Studio Solution File, Format Version 12.00
# Visual Studio Version 17
VisualStudioVersion = 17.0.31903.59
MinimumVisualStudioVersion = 10.0.40219.1
Project("{FAE04EC0-301F-11D3-BF4B-00C04F79EFBC}") = "Product.API", "ProductAPI\Product.API.csproj", "{C121CD4F-F840-42CD-936F-8CF1778127E6}"
EndProject
Project("{FAE04EC0-301F-11D3-BF4B-00C04F79EFBC}") = "Product.Domain", "Product.Domain\Product.Domain.csproj", "{79587D1E-FD75-4FF7-A627-3DB043E1F9BC}"
EndProject
Project("{FAE04EC0-301F-11D3-BF4B-00C04F79EFBC}") = "Product.Data", "Product.Data\Product.Data.csproj", "{48DD0194-ED79-4832-A3E3-7304B431EA07}"
EndProject
Project("{FAE04EC0-301F-11D3-BF4B-00C04F79EFBC}") = "Product.CrossCutting", "Product.CrossCutting\Product.CrossCutting.csproj", "{EC0340C3-A5F7-4FA2-BA43-2A5DBE4CD32D}"
EndProject
Project("{FAE04EC0-301F-11D3-BF4B-00C04F79EFBC}") = "Product.Application", "Product.Application\Product.Application.csproj", "{04C1FB22-A8E2-424D-B329-A0795D46CC21}"
EndProject
Global
	GlobalSection(SolutionConfigurationPlatforms) = preSolution
		Debug|Any CPU = Debug|Any CPU
		Release|Any CPU = Release|Any CPU
	EndGlobalSection
	GlobalSection(SolutionProperties) = preSolution
		HideSolutionNode = FALSE
	EndGlobalSection
	GlobalSection(ProjectConfigurationPlatforms) = postSolution
		{C121CD4F-F840-42CD-936F-8CF1778127E6}.Debug|Any CPU.ActiveCfg = Debug|Any CPU
		{C121CD4F-F840-42CD-936F-8CF1778127E6}.Debug|Any CPU.Build.0 = Debug|Any CPU
		{C121CD4F-F840-42CD-936F-8CF1778127E6}.Release|Any CPU.ActiveCfg = Release|Any CPU
		{C121CD4F-F840-42CD-936F-8CF1778127E6}.Release|Any CPU.Build.0 = Release|Any CPU
		{79587D1E-FD75-4FF7-A627-3DB043E1F9BC}.Debug|Any CPU.ActiveCfg = Debug|Any CPU
		{79587D1E-FD75-4FF7-A627-3DB043E1F9BC}.Debug|Any CPU.Build.0 = Debug|Any CPU
		{79587D1E-FD75-4FF7-A627-3DB043E1F9BC}.Release|Any CPU.ActiveCfg = Release|Any CPU
		{79587D1E-FD75-4FF7-A627-3DB043E1F9BC}.Release|Any CPU.Build.0 = Release|Any CPU
		{48DD0194-ED79-4832-A3E3-7304B431EA07}.Debug|Any CPU.ActiveCfg = Debug|Any CPU
		{48DD0194-ED79-4832-A3E3-7304B431EA07}.Debug|Any CPU.Build.0 = Debug|Any CPU
		{48DD0194-ED79-4832-A3E3-7304B431EA07}.Release|Any CPU.ActiveCfg = Release|Any CPU
		{48DD0194-ED79-4832-A3E3-7304B431EA07}.Release|Any CPU.Build.0 = Release|Any CPU
		{EC0340C3-A5F7-4FA2-BA43-2A5DBE4CD32D}.Debug|Any CPU.ActiveCfg = Debug|Any CPU
		{EC0340C3-A5F7-4FA2-BA43-2A5DBE4CD32D}.Debug|Any CPU.Build.0 = Debug|Any CPU
		{EC0340C3-A5F7-4FA2-BA43-2A5DBE4CD32D}.Release|Any CPU.ActiveCfg = Release|Any CPU
		{EC0340C3-A5F7-4FA2-BA43-2A5DBE4CD32D}.Release|Any CPU.Build.0 = Release|Any CPU
		{04C1FB22-A8E2-424D-B329-A0795D46CC21}.Debug|Any CPU.ActiveCfg = Debug|Any CPU
		{04C1FB22-A8E2-424D-B329-A0795D46CC21}.Debug|Any CPU.Build.0 = Debug|Any CPU
		{04C1FB22-A8E2-424D-B329-A0795D46CC21}.Release|Any CPU.ActiveCfg = Release|Any CPU
		{04C1FB22-A8E2-424D-B329-A0795D46CC21}.Release|Any CPU.Build.0 = Release|Any CPU
	EndGlobalSection
EndGlobal
