
Microsoft Visual Studio Solution File, Format Version 12.00
# Visual Studio Version 17
VisualStudioVersion = 17.0.31903.59
MinimumVisualStudioVersion = 10.0.40219.1
Project("{FAE04EC0-301F-11D3-BF4B-00C04F79EFBC}") = "EFCoreDocker.API", "EFCoreDocker.API\EFCoreDocker.API.csproj", "{7FFE9C11-2470-48D0-9141-A7B580517E09}"
EndProject
Project("{FAE04EC0-301F-11D3-BF4B-00C04F79EFBC}") = "EFCoreDocker.Domain", "EFCoreDocker.Domain\EFCoreDocker.Domain.csproj", "{5363D2E1-36DD-4718-943B-C152AD7D6D51}"
EndProject
Project("{FAE04EC0-301F-11D3-BF4B-00C04F79EFBC}") = "EFCoreDocker.Data", "EFCoreDocker.Data\EFCoreDocker.Data.csproj", "{6B63AD61-6FB1-411D-837A-8D946947E5DE}"
EndProject
Project("{FAE04EC0-301F-11D3-BF4B-00C04F79EFBC}") = "EFCoreDocker.CrossCutting", "EFCoreDocker.CrossCutting\EFCoreDocker.CrossCutting.csproj", "{69844CB4-9DD8-455A-9CF4-6EEB68B88630}"
EndProject
Global
	GlobalSection(SolutionProperties) = preSolution
		HideSolutionNode = FALSE
	EndGlobalSection
	GlobalSection(SolutionConfigurationPlatforms) = preSolution
		Debug|Any CPU = Debug|Any CPU
		Debug|x64 = Debug|x64
		Debug|x86 = Debug|x86
		Release|Any CPU = Release|Any CPU
		Release|x64 = Release|x64
		Release|x86 = Release|x86
	EndGlobalSection
	GlobalSection(ProjectConfigurationPlatforms) = postSolution
		{7FFE9C11-2470-48D0-9141-A7B580517E09}.Debug|Any CPU.ActiveCfg = Debug|Any CPU
		{7FFE9C11-2470-48D0-9141-A7B580517E09}.Debug|Any CPU.Build.0 = Debug|Any CPU
		{7FFE9C11-2470-48D0-9141-A7B580517E09}.Debug|x64.ActiveCfg = Debug|Any CPU
		{7FFE9C11-2470-48D0-9141-A7B580517E09}.Debug|x64.Build.0 = Debug|Any CPU
		{7FFE9C11-2470-48D0-9141-A7B580517E09}.Debug|x86.ActiveCfg = Debug|Any CPU
		{7FFE9C11-2470-48D0-9141-A7B580517E09}.Debug|x86.Build.0 = Debug|Any CPU
		{7FFE9C11-2470-48D0-9141-A7B580517E09}.Release|Any CPU.ActiveCfg = Release|Any CPU
		{7FFE9C11-2470-48D0-9141-A7B580517E09}.Release|Any CPU.Build.0 = Release|Any CPU
		{7FFE9C11-2470-48D0-9141-A7B580517E09}.Release|x64.ActiveCfg = Release|Any CPU
		{7FFE9C11-2470-48D0-9141-A7B580517E09}.Release|x64.Build.0 = Release|Any CPU
		{7FFE9C11-2470-48D0-9141-A7B580517E09}.Release|x86.ActiveCfg = Release|Any CPU
		{7FFE9C11-2470-48D0-9141-A7B580517E09}.Release|x86.Build.0 = Release|Any CPU
		{5363D2E1-36DD-4718-943B-C152AD7D6D51}.Debug|Any CPU.ActiveCfg = Debug|Any CPU
		{5363D2E1-36DD-4718-943B-C152AD7D6D51}.Debug|Any CPU.Build.0 = Debug|Any CPU
		{5363D2E1-36DD-4718-943B-C152AD7D6D51}.Debug|x64.ActiveCfg = Debug|Any CPU
		{5363D2E1-36DD-4718-943B-C152AD7D6D51}.Debug|x64.Build.0 = Debug|Any CPU
		{5363D2E1-36DD-4718-943B-C152AD7D6D51}.Debug|x86.ActiveCfg = Debug|Any CPU
		{5363D2E1-36DD-4718-943B-C152AD7D6D51}.Debug|x86.Build.0 = Debug|Any CPU
		{5363D2E1-36DD-4718-943B-C152AD7D6D51}.Release|Any CPU.ActiveCfg = Release|Any CPU
		{5363D2E1-36DD-4718-943B-C152AD7D6D51}.Release|Any CPU.Build.0 = Release|Any CPU
		{5363D2E1-36DD-4718-943B-C152AD7D6D51}.Release|x64.ActiveCfg = Release|Any CPU
		{5363D2E1-36DD-4718-943B-C152AD7D6D51}.Release|x64.Build.0 = Release|Any CPU
		{5363D2E1-36DD-4718-943B-C152AD7D6D51}.Release|x86.ActiveCfg = Release|Any CPU
		{5363D2E1-36DD-4718-943B-C152AD7D6D51}.Release|x86.Build.0 = Release|Any CPU
		{6B63AD61-6FB1-411D-837A-8D946947E5DE}.Debug|Any CPU.ActiveCfg = Debug|Any CPU
		{6B63AD61-6FB1-411D-837A-8D946947E5DE}.Debug|Any CPU.Build.0 = Debug|Any CPU
		{6B63AD61-6FB1-411D-837A-8D946947E5DE}.Debug|x64.ActiveCfg = Debug|Any CPU
		{6B63AD61-6FB1-411D-837A-8D946947E5DE}.Debug|x64.Build.0 = Debug|Any CPU
		{6B63AD61-6FB1-411D-837A-8D946947E5DE}.Debug|x86.ActiveCfg = Debug|Any CPU
		{6B63AD61-6FB1-411D-837A-8D946947E5DE}.Debug|x86.Build.0 = Debug|Any CPU
		{6B63AD61-6FB1-411D-837A-8D946947E5DE}.Release|Any CPU.ActiveCfg = Release|Any CPU
		{6B63AD61-6FB1-411D-837A-8D946947E5DE}.Release|Any CPU.Build.0 = Release|Any CPU
		{6B63AD61-6FB1-411D-837A-8D946947E5DE}.Release|x64.ActiveCfg = Release|Any CPU
		{6B63AD61-6FB1-411D-837A-8D946947E5DE}.Release|x64.Build.0 = Release|Any CPU
		{6B63AD61-6FB1-411D-837A-8D946947E5DE}.Release|x86.ActiveCfg = Release|Any CPU
		{6B63AD61-6FB1-411D-837A-8D946947E5DE}.Release|x86.Build.0 = Release|Any CPU
		{69844CB4-9DD8-455A-9CF4-6EEB68B88630}.Debug|Any CPU.ActiveCfg = Debug|Any CPU
		{69844CB4-9DD8-455A-9CF4-6EEB68B88630}.Debug|Any CPU.Build.0 = Debug|Any CPU
		{69844CB4-9DD8-455A-9CF4-6EEB68B88630}.Debug|x64.ActiveCfg = Debug|Any CPU
		{69844CB4-9DD8-455A-9CF4-6EEB68B88630}.Debug|x64.Build.0 = Debug|Any CPU
		{69844CB4-9DD8-455A-9CF4-6EEB68B88630}.Debug|x86.ActiveCfg = Debug|Any CPU
		{69844CB4-9DD8-455A-9CF4-6EEB68B88630}.Debug|x86.Build.0 = Debug|Any CPU
		{69844CB4-9DD8-455A-9CF4-6EEB68B88630}.Release|Any CPU.ActiveCfg = Release|Any CPU
		{69844CB4-9DD8-455A-9CF4-6EEB68B88630}.Release|Any CPU.Build.0 = Release|Any CPU
		{69844CB4-9DD8-455A-9CF4-6EEB68B88630}.Release|x64.ActiveCfg = Release|Any CPU
		{69844CB4-9DD8-455A-9CF4-6EEB68B88630}.Release|x64.Build.0 = Release|Any CPU
		{69844CB4-9DD8-455A-9CF4-6EEB68B88630}.Release|x86.ActiveCfg = Release|Any CPU
		{69844CB4-9DD8-455A-9CF4-6EEB68B88630}.Release|x86.Build.0 = Release|Any CPU
	EndGlobalSection
EndGlobal
